
Microsoft Visual Studio Solution File, Format Version 12.00
# Visual Studio Version 17
VisualStudioVersion = 17.9.34728.123
MinimumVisualStudioVersion = 10.0.40219.1
Project("{FAE04EC0-301F-11D3-BF4B-00C04F79EFBC}") = "Online Learning Platform", "Online Learning Platform\Online Learning Platform.csproj", "{8A5057D1-91F3-4F4F-9D88-C204E7BFA181}"
EndProject
Global
	GlobalSection(SolutionConfigurationPlatforms) = preSolution
		Debug|Any CPU = Debug|Any CPU
		Release|Any CPU = Release|Any CPU
	EndGlobalSection
	GlobalSection(ProjectConfigurationPlatforms) = postSolution
		{8A5057D1-91F3-4F4F-9D88-C204E7BFA181}.Debug|Any CPU.ActiveCfg = Debug|Any CPU
		{8A5057D1-91F3-4F4F-9D88-C204E7BFA181}.Debug|Any CPU.Build.0 = Debug|Any CPU
		{8A5057D1-91F3-4F4F-9D88-C204E7BFA181}.Release|Any CPU.ActiveCfg = Release|Any CPU
		{8A5057D1-91F3-4F4F-9D88-C204E7BFA181}.Release|Any CPU.Build.0 = Release|Any CPU
	EndGlobalSection
	GlobalSection(SolutionProperties) = preSolution
		HideSolutionNode = FALSE
	EndGlobalSection
	GlobalSection(ExtensibilityGlobals) = postSolution
		SolutionGuid = {BB0BD517-78EE-466C-A341-9A812153D922}
	EndGlobalSection
EndGlobal
